// !$*UTF8*$!
{
	archiveVersion = 1;
	classes = {
	};
	objectVersion = 50;
	objects = {

/* Begin PBXBuildFile section */
		781580AB21057B9400B397E6 /* AppDelegate.m in Sources */ = {isa = PBXBuildFile; fileRef = 781580AA21057B9400B397E6 /* AppDelegate.m */; };
		781580AE21057B9400B397E6 /* ViewController.m in Sources */ = {isa = PBXBuildFile; fileRef = 781580AD21057B9400B397E6 /* ViewController.m */; };
		781580B121057B9400B397E6 /* Main.storyboard in Resources */ = {isa = PBXBuildFile; fileRef = 781580AF21057B9400B397E6 /* Main.storyboard */; };
		781580B321057B9500B397E6 /* Assets.xcassets in Resources */ = {isa = PBXBuildFile; fileRef = 781580B221057B9500B397E6 /* Assets.xcassets */; };
		781580B621057B9500B397E6 /* LaunchScreen.storyboard in Resources */ = {isa = PBXBuildFile; fileRef = 781580B421057B9500B397E6 /* LaunchScreen.storyboard */; };
		781580B921057B9500B397E6 /* main.m in Sources */ = {isa = PBXBuildFile; fileRef = 781580B821057B9500B397E6 /* main.m */; };
		781580C221057DA800B397E6 /* JXDocumentDetectorView.m in Sources */ = {isa = PBXBuildFile; fileRef = 781580C121057DA800B397E6 /* JXDocumentDetectorView.m */; };
		781580C721057DB100B397E6 /* JXWeakProxy.m in Sources */ = {isa = PBXBuildFile; fileRef = 781580C521057DB100B397E6 /* JXWeakProxy.m */; };
		781580C821057DB100B397E6 /* JXCGTransformHelper.m in Sources */ = {isa = PBXBuildFile; fileRef = 781580C621057DB100B397E6 /* JXCGTransformHelper.m */; };
		781580CB21057EC400B397E6 /* JXScanViewController.m in Sources */ = {isa = PBXBuildFile; fileRef = 781580CA21057EC400B397E6 /* JXScanViewController.m */; };
		781580CE2105826800B397E6 /* JXDocumentEditView.m in Sources */ = {isa = PBXBuildFile; fileRef = 781580CD2105826800B397E6 /* JXDocumentEditView.m */; };
		786A14DB210711B400579785 /* JXEditCornerView.m in Sources */ = {isa = PBXBuildFile; fileRef = 786A14DA210711B400579785 /* JXEditCornerView.m */; };
		786A14E121072E3900579785 /* JXPreviewEditCornerView.m in Sources */ = {isa = PBXBuildFile; fileRef = 786A14E021072E3900579785 /* JXPreviewEditCornerView.m */; };
		786A153F21080F0700579785 /* JXPreviewViewController.m in Sources */ = {isa = PBXBuildFile; fileRef = 786A153E21080F0700579785 /* JXPreviewViewController.m */; };
		78A611332105B62800BD2C8B /* JXEditViewController.m in Sources */ = {isa = PBXBuildFile; fileRef = 78A611322105B62800BD2C8B /* JXEditViewController.m */; };
		78A611832106CAD700BD2C8B /* JXQuadrangle.m in Sources */ = {isa = PBXBuildFile; fileRef = 78A611822106CAD700BD2C8B /* JXQuadrangle.m */; };
/* End PBXBuildFile section */

/* Begin PBXFileReference section */
		781580A621057B9400B397E6 /* JXScanDemo.app */ = {isa = PBXFileReference; explicitFileType = wrapper.application; includeInIndex = 0; path = JXScanDemo.app; sourceTree = BUILT_PRODUCTS_DIR; };
		781580A921057B9400B397E6 /* AppDelegate.h */ = {isa = PBXFileReference; lastKnownFileType = sourcecode.c.h; path = AppDelegate.h; sourceTree = "<group>"; };
		781580AA21057B9400B397E6 /* AppDelegate.m */ = {isa = PBXFileReference; lastKnownFileType = sourcecode.c.objc; path = AppDelegate.m; sourceTree = "<group>"; };
		781580AC21057B9400B397E6 /* ViewController.h */ = {isa = PBXFileReference; lastKnownFileType = sourcecode.c.h; path = ViewController.h; sourceTree = "<group>"; };
		781580AD21057B9400B397E6 /* ViewController.m */ = {isa = PBXFileReference; lastKnownFileType = sourcecode.c.objc; path = ViewController.m; sourceTree = "<group>"; };
		781580B021057B9400B397E6 /* Base */ = {isa = PBXFileReference; lastKnownFileType = file.storyboard; name = Base; path = Base.lproj/Main.storyboard; sourceTree = "<group>"; };
		781580B221057B9500B397E6 /* Assets.xcassets */ = {isa = PBXFileReference; lastKnownFileType = folder.assetcatalog; path = Assets.xcassets; sourceTree = "<group>"; };
		781580B521057B9500B397E6 /* Base */ = {isa = PBXFileReference; lastKnownFileType = file.storyboard; name = Base; path = Base.lproj/LaunchScreen.storyboard; sourceTree = "<group>"; };
		781580B721057B9500B397E6 /* Info.plist */ = {isa = PBXFileReference; lastKnownFileType = text.plist.xml; path = Info.plist; sourceTree = "<group>"; };
		781580B821057B9500B397E6 /* main.m */ = {isa = PBXFileReference; lastKnownFileType = sourcecode.c.objc; path = main.m; sourceTree = "<group>"; };
		781580C021057DA800B397E6 /* JXDocumentDetectorView.h */ = {isa = PBXFileReference; fileEncoding = 4; lastKnownFileType = sourcecode.c.h; path = JXDocumentDetectorView.h; sourceTree = "<group>"; };
		781580C121057DA800B397E6 /* JXDocumentDetectorView.m */ = {isa = PBXFileReference; fileEncoding = 4; lastKnownFileType = sourcecode.c.objc; path = JXDocumentDetectorView.m; sourceTree = "<group>"; };
		781580C321057DB100B397E6 /* JXCGTransformHelper.h */ = {isa = PBXFileReference; fileEncoding = 4; lastKnownFileType = sourcecode.c.h; path = JXCGTransformHelper.h; sourceTree = "<group>"; };
		781580C421057DB100B397E6 /* JXWeakProxy.h */ = {isa = PBXFileReference; fileEncoding = 4; lastKnownFileType = sourcecode.c.h; path = JXWeakProxy.h; sourceTree = "<group>"; };
		781580C521057DB100B397E6 /* JXWeakProxy.m */ = {isa = PBXFileReference; fileEncoding = 4; lastKnownFileType = sourcecode.c.objc; path = JXWeakProxy.m; sourceTree = "<group>"; };
		781580C621057DB100B397E6 /* JXCGTransformHelper.m */ = {isa = PBXFileReference; fileEncoding = 4; lastKnownFileType = sourcecode.c.objc; path = JXCGTransformHelper.m; sourceTree = "<group>"; };
		781580C921057EC400B397E6 /* JXScanViewController.h */ = {isa = PBXFileReference; lastKnownFileType = sourcecode.c.h; path = JXScanViewController.h; sourceTree = "<group>"; };
		781580CA21057EC400B397E6 /* JXScanViewController.m */ = {isa = PBXFileReference; lastKnownFileType = sourcecode.c.objc; path = JXScanViewController.m; sourceTree = "<group>"; };
		781580CC2105826800B397E6 /* JXDocumentEditView.h */ = {isa = PBXFileReference; lastKnownFileType = sourcecode.c.h; path = JXDocumentEditView.h; sourceTree = "<group>"; };
		781580CD2105826800B397E6 /* JXDocumentEditView.m */ = {isa = PBXFileReference; lastKnownFileType = sourcecode.c.objc; path = JXDocumentEditView.m; sourceTree = "<group>"; };
		786A14D9210711B400579785 /* JXEditCornerView.h */ = {isa = PBXFileReference; lastKnownFileType = sourcecode.c.h; path = JXEditCornerView.h; sourceTree = "<group>"; };
		786A14DA210711B400579785 /* JXEditCornerView.m */ = {isa = PBXFileReference; lastKnownFileType = sourcecode.c.objc; path = JXEditCornerView.m; sourceTree = "<group>"; };
		786A14DF21072E3900579785 /* JXPreviewEditCornerView.h */ = {isa = PBXFileReference; lastKnownFileType = sourcecode.c.h; path = JXPreviewEditCornerView.h; sourceTree = "<group>"; };
		786A14E021072E3900579785 /* JXPreviewEditCornerView.m */ = {isa = PBXFileReference; lastKnownFileType = sourcecode.c.objc; path = JXPreviewEditCornerView.m; sourceTree = "<group>"; };
		786A153D21080F0700579785 /* JXPreviewViewController.h */ = {isa = PBXFileReference; lastKnownFileType = sourcecode.c.h; path = JXPreviewViewController.h; sourceTree = "<group>"; };
		786A153E21080F0700579785 /* JXPreviewViewController.m */ = {isa = PBXFileReference; lastKnownFileType = sourcecode.c.objc; path = JXPreviewViewController.m; sourceTree = "<group>"; };
		78A611312105B62800BD2C8B /* JXEditViewController.h */ = {isa = PBXFileReference; lastKnownFileType = sourcecode.c.h; path = JXEditViewController.h; sourceTree = "<group>"; };
		78A611322105B62800BD2C8B /* JXEditViewController.m */ = {isa = PBXFileReference; lastKnownFileType = sourcecode.c.objc; path = JXEditViewController.m; sourceTree = "<group>"; };
		78A611812106CAD700BD2C8B /* JXQuadrangle.h */ = {isa = PBXFileReference; lastKnownFileType = sourcecode.c.h; path = JXQuadrangle.h; sourceTree = "<group>"; };
		78A611822106CAD700BD2C8B /* JXQuadrangle.m */ = {isa = PBXFileReference; lastKnownFileType = sourcecode.c.objc; path = JXQuadrangle.m; sourceTree = "<group>"; };
/* End PBXFileReference section */

/* Begin PBXFrameworksBuildPhase section */
		781580A321057B9400B397E6 /* Frameworks */ = {
			isa = PBXFrameworksBuildPhase;
			buildActionMask = 2147483647;
			files = (
			);
			runOnlyForDeploymentPostprocessing = 0;
		};
/* End PBXFrameworksBuildPhase section */

/* Begin PBXGroup section */
		7815809D21057B9400B397E6 = {
			isa = PBXGroup;
			children = (
				781580A821057B9400B397E6 /* JXScanDemo */,
				781580A721057B9400B397E6 /* Products */,
			);
			sourceTree = "<group>";
		};
		781580A721057B9400B397E6 /* Products */ = {
			isa = PBXGroup;
			children = (
				781580A621057B9400B397E6 /* JXScanDemo.app */,
			);
			name = Products;
			sourceTree = "<group>";
		};
		781580A821057B9400B397E6 /* JXScanDemo */ = {
			isa = PBXGroup;
			children = (
				781580BF21057D7C00B397E6 /* JXScan */,
				781580A921057B9400B397E6 /* AppDelegate.h */,
				781580AA21057B9400B397E6 /* AppDelegate.m */,
				781580AC21057B9400B397E6 /* ViewController.h */,
				781580AD21057B9400B397E6 /* ViewController.m */,
				781580C321057DB100B397E6 /* JXCGTransformHelper.h */,
				781580C621057DB100B397E6 /* JXCGTransformHelper.m */,
				781580AF21057B9400B397E6 /* Main.storyboard */,
				781580B221057B9500B397E6 /* Assets.xcassets */,
				781580B421057B9500B397E6 /* LaunchScreen.storyboard */,
				781580B721057B9500B397E6 /* Info.plist */,
				781580B821057B9500B397E6 /* main.m */,
				781580C921057EC400B397E6 /* JXScanViewController.h */,
				781580CA21057EC400B397E6 /* JXScanViewController.m */,
				78A611312105B62800BD2C8B /* JXEditViewController.h */,
				78A611322105B62800BD2C8B /* JXEditViewController.m */,
				786A153D21080F0700579785 /* JXPreviewViewController.h */,
				786A153E21080F0700579785 /* JXPreviewViewController.m */,
			);
			path = JXScanDemo;
			sourceTree = "<group>";
		};
		781580BF21057D7C00B397E6 /* JXScan */ = {
			isa = PBXGroup;
			children = (
				781581382105AC2900B397E6 /* Tool */,
				781581372105AC2100B397E6 /* View */,
			);
			path = JXScan;
			sourceTree = "<group>";
		};
		781581372105AC2100B397E6 /* View */ = {
			isa = PBXGroup;
			children = (
				781580C021057DA800B397E6 /* JXDocumentDetectorView.h */,
				781580C121057DA800B397E6 /* JXDocumentDetectorView.m */,
				781580CC2105826800B397E6 /* JXDocumentEditView.h */,
				781580CD2105826800B397E6 /* JXDocumentEditView.m */,
				786A14D9210711B400579785 /* JXEditCornerView.h */,
				786A14DA210711B400579785 /* JXEditCornerView.m */,
				786A14DF21072E3900579785 /* JXPreviewEditCornerView.h */,
				786A14E021072E3900579785 /* JXPreviewEditCornerView.m */,
			);
			path = View;
			sourceTree = "<group>";
		};
		781581382105AC2900B397E6 /* Tool */ = {
			isa = PBXGroup;
			children = (
				781580C421057DB100B397E6 /* JXWeakProxy.h */,
				781580C521057DB100B397E6 /* JXWeakProxy.m */,
				78A611812106CAD700BD2C8B /* JXQuadrangle.h */,
				78A611822106CAD700BD2C8B /* JXQuadrangle.m */,
			);
			path = Tool;
			sourceTree = "<group>";
		};
/* End PBXGroup section */

/* Begin PBXNativeTarget section */
		781580A521057B9400B397E6 /* JXScanDemo */ = {
			isa = PBXNativeTarget;
			buildConfigurationList = 781580BC21057B9500B397E6 /* Build configuration list for PBXNativeTarget "JXScanDemo" */;
			buildPhases = (
				781580A221057B9400B397E6 /* Sources */,
				781580A321057B9400B397E6 /* Frameworks */,
				781580A421057B9400B397E6 /* Resources */,
			);
			buildRules = (
			);
			dependencies = (
			);
			name = JXScanDemo;
			productName = JXScanDemo;
			productReference = 781580A621057B9400B397E6 /* JXScanDemo.app */;
			productType = "com.apple.product-type.application";
		};
/* End PBXNativeTarget section */

/* Begin PBXProject section */
		7815809E21057B9400B397E6 /* Project object */ = {
			isa = PBXProject;
			attributes = {
				LastUpgradeCheck = 1000;
				ORGANIZATIONNAME = longjianjiang;
				TargetAttributes = {
					781580A521057B9400B397E6 = {
						CreatedOnToolsVersion = 10.0;
					};
				};
			};
			buildConfigurationList = 781580A121057B9400B397E6 /* Build configuration list for PBXProject "JXScanDemo" */;
			compatibilityVersion = "Xcode 9.3";
			developmentRegion = en;
			hasScannedForEncodings = 0;
			knownRegions = (
				en,
				Base,
			);
			mainGroup = 7815809D21057B9400B397E6;
			productRefGroup = 781580A721057B9400B397E6 /* Products */;
			projectDirPath = "";
			projectRoot = "";
			targets = (
				781580A521057B9400B397E6 /* JXScanDemo */,
			);
		};
/* End PBXProject section */

/* Begin PBXResourcesBuildPhase section */
		781580A421057B9400B397E6 /* Resources */ = {
			isa = PBXResourcesBuildPhase;
			buildActionMask = 2147483647;
			files = (
				781580B621057B9500B397E6 /* LaunchScreen.storyboard in Resources */,
				781580B321057B9500B397E6 /* Assets.xcassets in Resources */,
				781580B121057B9400B397E6 /* Main.storyboard in Resources */,
			);
			runOnlyForDeploymentPostprocessing = 0;
		};
/* End PBXResourcesBuildPhase section */

/* Begin PBXSourcesBuildPhase section */
		781580A221057B9400B397E6 /* Sources */ = {
			isa = PBXSourcesBuildPhase;
			buildActionMask = 2147483647;
			files = (
				781580C821057DB100B397E6 /* JXCGTransformHelper.m in Sources */,
				786A14DB210711B400579785 /* JXEditCornerView.m in Sources */,
				781580CE2105826800B397E6 /* JXDocumentEditView.m in Sources */,
				781580AE21057B9400B397E6 /* ViewController.m in Sources */,
				781580C221057DA800B397E6 /* JXDocumentDetectorView.m in Sources */,
				781580C721057DB100B397E6 /* JXWeakProxy.m in Sources */,
				781580B921057B9500B397E6 /* main.m in Sources */,
				78A611332105B62800BD2C8B /* JXEditViewController.m in Sources */,
				781580CB21057EC400B397E6 /* JXScanViewController.m in Sources */,
				781580AB21057B9400B397E6 /* AppDelegate.m in Sources */,
				78A611832106CAD700BD2C8B /* JXQuadrangle.m in Sources */,
				786A14E121072E3900579785 /* JXPreviewEditCornerView.m in Sources */,
				786A153F21080F0700579785 /* JXPreviewViewController.m in Sources */,
			);
			runOnlyForDeploymentPostprocessing = 0;
		};
/* End PBXSourcesBuildPhase section */

/* Begin PBXVariantGroup section */
		781580AF21057B9400B397E6 /* Main.storyboard */ = {
			isa = PBXVariantGroup;
			children = (
				781580B021057B9400B397E6 /* Base */,
			);
			name = Main.storyboard;
			sourceTree = "<group>";
		};
		781580B421057B9500B397E6 /* LaunchScreen.storyboard */ = {
			isa = PBXVariantGroup;
			children = (
				781580B521057B9500B397E6 /* Base */,
			);
			name = LaunchScreen.storyboard;
			sourceTree = "<group>";
		};
/* End PBXVariantGroup section */

/* Begin XCBuildConfiguration section */
		781580BA21057B9500B397E6 /* Debug */ = {
			isa = XCBuildConfiguration;
			buildSettings = {
				ALWAYS_SEARCH_USER_PATHS = NO;
				CLANG_ANALYZER_NONNULL = YES;
				CLANG_ANALYZER_NUMBER_OBJECT_CONVERSION = YES_AGGRESSIVE;
				CLANG_CXX_LANGUAGE_STANDARD = "gnu++14";
				CLANG_CXX_LIBRARY = "libc++";
				CLANG_ENABLE_MODULES = YES;
				CLANG_ENABLE_OBJC_ARC = YES;
				CLANG_ENABLE_OBJC_WEAK = YES;
				CLANG_WARN_BLOCK_CAPTURE_AUTORELEASING = YES;
				CLANG_WARN_BOOL_CONVERSION = YES;
				CLANG_WARN_COMMA = YES;
				CLANG_WARN_CONSTANT_CONVERSION = YES;
				CLANG_WARN_DEPRECATED_OBJC_IMPLEMENTATIONS = YES;
				CLANG_WARN_DIRECT_OBJC_ISA_USAGE = YES_ERROR;
				CLANG_WARN_DOCUMENTATION_COMMENTS = YES;
				CLANG_WARN_EMPTY_BODY = YES;
				CLANG_WARN_ENUM_CONVERSION = YES;
				CLANG_WARN_INFINITE_RECURSION = YES;
				CLANG_WARN_INT_CONVERSION = YES;
				CLANG_WARN_NON_LITERAL_NULL_CONVERSION = YES;
				CLANG_WARN_OBJC_IMPLICIT_RETAIN_SELF = YES;
				CLANG_WARN_OBJC_LITERAL_CONVERSION = YES;
				CLANG_WARN_OBJC_ROOT_CLASS = YES_ERROR;
				CLANG_WARN_RANGE_LOOP_ANALYSIS = YES;
				CLANG_WARN_STRICT_PROTOTYPES = YES;
				CLANG_WARN_SUSPICIOUS_MOVE = YES;
				CLANG_WARN_UNGUARDED_AVAILABILITY = YES_AGGRESSIVE;
				CLANG_WARN_UNREACHABLE_CODE = YES;
				CLANG_WARN__DUPLICATE_METHOD_MATCH = YES;
				CODE_SIGN_IDENTITY = "iPhone Developer";
				COPY_PHASE_STRIP = NO;
				DEBUG_INFORMATION_FORMAT = dwarf;
				ENABLE_STRICT_OBJC_MSGSEND = YES;
				ENABLE_TESTABILITY = YES;
				GCC_C_LANGUAGE_STANDARD = gnu11;
				GCC_DYNAMIC_NO_PIC = NO;
				GCC_NO_COMMON_BLOCKS = YES;
				GCC_OPTIMIZATION_LEVEL = 0;
				GCC_PREPROCESSOR_DEFINITIONS = (
					"DEBUG=1",
					"$(inherited)",
				);
				GCC_WARN_64_TO_32_BIT_CONVERSION = YES;
				GCC_WARN_ABOUT_RETURN_TYPE = YES_ERROR;
				GCC_WARN_UNDECLARED_SELECTOR = YES;
				GCC_WARN_UNINITIALIZED_AUTOS = YES_AGGRESSIVE;
				GCC_WARN_UNUSED_FUNCTION = YES;
				GCC_WARN_UNUSED_VARIABLE = YES;
				IPHONEOS_DEPLOYMENT_TARGET = 12.0;
				MTL_ENABLE_DEBUG_INFO = INCLUDE_SOURCE;
				MTL_FAST_MATH = YES;
				ONLY_ACTIVE_ARCH = YES;
				SDKROOT = iphoneos;
			};
			name = Debug;
		};
		781580BB21057B9500B397E6 /* Release */ = {
			isa = XCBuildConfiguration;
			buildSettings = {
				ALWAYS_SEARCH_USER_PATHS = NO;
				CLANG_ANALYZER_NONNULL = YES;
				CLANG_ANALYZER_NUMBER_OBJECT_CONVERSION = YES_AGGRESSIVE;
				CLANG_CXX_LANGUAGE_STANDARD = "gnu++14";
				CLANG_CXX_LIBRARY = "libc++";
				CLANG_ENABLE_MODULES = YES;
				CLANG_ENABLE_OBJC_ARC = YES;
				CLANG_ENABLE_OBJC_WEAK = YES;
				CLANG_WARN_BLOCK_CAPTURE_AUTORELEASING = YES;
				CLANG_WARN_BOOL_CONVERSION = YES;
				CLANG_WARN_COMMA = YES;
				CLANG_WARN_CONSTANT_CONVERSION = YES;
				CLANG_WARN_DEPRECATED_OBJC_IMPLEMENTATIONS = YES;
				CLANG_WARN_DIRECT_OBJC_ISA_USAGE = YES_ERROR;
				CLANG_WARN_DOCUMENTATION_COMMENTS = YES;
				CLANG_WARN_EMPTY_BODY = YES;
				CLANG_WARN_ENUM_CONVERSION = YES;
				CLANG_WARN_INFINITE_RECURSION = YES;
				CLANG_WARN_INT_CONVERSION = YES;
				CLANG_WARN_NON_LITERAL_NULL_CONVERSION = YES;
				CLANG_WARN_OBJC_IMPLICIT_RETAIN_SELF = YES;
				CLANG_WARN_OBJC_LITERAL_CONVERSION = YES;
				CLANG_WARN_OBJC_ROOT_CLASS = YES_ERROR;
				CLANG_WARN_RANGE_LOOP_ANALYSIS = YES;
				CLANG_WARN_STRICT_PROTOTYPES = YES;
				CLANG_WARN_SUSPICIOUS_MOVE = YES;
				CLANG_WARN_UNGUARDED_AVAILABILITY = YES_AGGRESSIVE;
				CLANG_WARN_UNREACHABLE_CODE = YES;
				CLANG_WARN__DUPLICATE_METHOD_MATCH = YES;
				CODE_SIGN_IDENTITY = "iPhone Developer";
				COPY_PHASE_STRIP = NO;
				DEBUG_INFORMATION_FORMAT = "dwarf-with-dsym";
				ENABLE_NS_ASSERTIONS = NO;
				ENABLE_STRICT_OBJC_MSGSEND = YES;
				GCC_C_LANGUAGE_STANDARD = gnu11;
				GCC_NO_COMMON_BLOCKS = YES;
				GCC_WARN_64_TO_32_BIT_CONVERSION = YES;
				GCC_WARN_ABOUT_RETURN_TYPE = YES_ERROR;
				GCC_WARN_UNDECLARED_SELECTOR = YES;
				GCC_WARN_UNINITIALIZED_AUTOS = YES_AGGRESSIVE;
				GCC_WARN_UNUSED_FUNCTION = YES;
				GCC_WARN_UNUSED_VARIABLE = YES;
				IPHONEOS_DEPLOYMENT_TARGET = 12.0;
				MTL_ENABLE_DEBUG_INFO = NO;
				MTL_FAST_MATH = YES;
				SDKROOT = iphoneos;
				VALIDATE_PRODUCT = YES;
			};
			name = Release;
		};
		781580BD21057B9500B397E6 /* Debug */ = {
			isa = XCBuildConfiguration;
			buildSettings = {
				ASSETCATALOG_COMPILER_APPICON_NAME = AppIcon;
				CODE_SIGN_STYLE = Automatic;
				DEVELOPMENT_TEAM = 74MF5V7Z8J;
				INFOPLIST_FILE = JXScanDemo/Info.plist;
				IPHONEOS_DEPLOYMENT_TARGET = 9.0;
				LD_RUNPATH_SEARCH_PATHS = (
					"$(inherited)",
					"@executable_path/Frameworks",
				);
				PRODUCT_BUNDLE_IDENTIFIER = com.longjianjiang.JXScanDemo;
				PRODUCT_NAME = "$(TARGET_NAME)";
				TARGETED_DEVICE_FAMILY = "1,2";
			};
			name = Debug;
		};
		781580BE21057B9500B397E6 /* Release */ = {
			isa = XCBuildConfiguration;
			buildSettings = {
				ASSETCATALOG_COMPILER_APPICON_NAME = AppIcon;
				CODE_SIGN_STYLE = Automatic;
				DEVELOPMENT_TEAM = 74MF5V7Z8J;
				INFOPLIST_FILE = JXScanDemo/Info.plist;
				IPHONEOS_DEPLOYMENT_TARGET = 9.0;
				LD_RUNPATH_SEARCH_PATHS = (
					"$(inherited)",
					"@executable_path/Frameworks",
				);
				PRODUCT_BUNDLE_IDENTIFIER = com.longjianjiang.JXScanDemo;
				PRODUCT_NAME = "$(TARGET_NAME)";
				TARGETED_DEVICE_FAMILY = "1,2";
			};
			name = Release;
		};
/* End XCBuildConfiguration section */

/* Begin XCConfigurationList section */
		781580A121057B9400B397E6 /* Build configuration list for PBXProject "JXScanDemo" */ = {
			isa = XCConfigurationList;
			buildConfigurations = (
				781580BA21057B9500B397E6 /* Debug */,
				781580BB21057B9500B397E6 /* Release */,
			);
			defaultConfigurationIsVisible = 0;
			defaultConfigurationName = Release;
		};
		781580BC21057B9500B397E6 /* Build configuration list for PBXNativeTarget "JXScanDemo" */ = {
			isa = XCConfigurationList;
			buildConfigurations = (
				781580BD21057B9500B397E6 /* Debug */,
				781580BE21057B9500B397E6 /* Release */,
			);
			defaultConfigurationIsVisible = 0;
			defaultConfigurationName = Release;
		};
/* End XCConfigurationList section */
	};
	rootObject = 7815809E21057B9400B397E6 /* Project object */;
}
